
Microsoft Visual Studio Solution File, Format Version 12.00
# Visual Studio 2013
VisualStudioVersion = 12.0.31101.0
MinimumVisualStudioVersion = 10.0.40219.1
Project("{FAE04EC0-301F-11D3-BF4B-00C04F79EFBC}") = "WebApi", "WebApi\WebApi.csproj", "{2AAEDD8D-0812-4F52-94CF-9040A52881E2}"
EndProject
Project("{FAE04EC0-301F-11D3-BF4B-00C04F79EFBC}") = "DataAccess", "DataAccess\DataAccess.csproj", "{D970B309-912B-4C7C-9A64-BC4254E09022}"
EndProject
Project("{CC5FD16D-436D-48AD-A40C-5A424C6E3E79}") = "AlbumCloudPOC", "AlbumCloud\AlbumCloudPOC.ccproj", "{52A56FF2-815F-48CB-B0A3-C25CD0170312}"
EndProject
Project("{FAE04EC0-301F-11D3-BF4B-00C04F79EFBC}") = "ThumbnailCreator", "ThumbnailCreator\ThumbnailCreator.csproj", "{AB829779-3609-404C-A058-D98EFCBFF901}"
EndProject
Project("{FAE04EC0-301F-11D3-BF4B-00C04F79EFBC}") = "ImageUploader", "ImageUploader\ImageUploader.csproj", "{8DD73A25-F3C7-436F-80AE-F65A692BADD1}"
EndProject
Global
	GlobalSection(SolutionConfigurationPlatforms) = preSolution
		Debug|Any CPU = Debug|Any CPU
		Debug|ARM = Debug|ARM
		Debug|x64 = Debug|x64
		Debug|x86 = Debug|x86
		Release|Any CPU = Release|Any CPU
		Release|ARM = Release|ARM
		Release|x64 = Release|x64
		Release|x86 = Release|x86
	EndGlobalSection
	GlobalSection(ProjectConfigurationPlatforms) = postSolution
		{2AAEDD8D-0812-4F52-94CF-9040A52881E2}.Debug|Any CPU.ActiveCfg = Debug|Any CPU
		{2AAEDD8D-0812-4F52-94CF-9040A52881E2}.Debug|Any CPU.Build.0 = Debug|Any CPU
		{2AAEDD8D-0812-4F52-94CF-9040A52881E2}.Debug|ARM.ActiveCfg = Debug|Any CPU
		{2AAEDD8D-0812-4F52-94CF-9040A52881E2}.Debug|x64.ActiveCfg = Debug|Any CPU
		{2AAEDD8D-0812-4F52-94CF-9040A52881E2}.Debug|x86.ActiveCfg = Debug|Any CPU
		{2AAEDD8D-0812-4F52-94CF-9040A52881E2}.Release|Any CPU.ActiveCfg = Release|Any CPU
		{2AAEDD8D-0812-4F52-94CF-9040A52881E2}.Release|Any CPU.Build.0 = Release|Any CPU
		{2AAEDD8D-0812-4F52-94CF-9040A52881E2}.Release|ARM.ActiveCfg = Release|Any CPU
		{2AAEDD8D-0812-4F52-94CF-9040A52881E2}.Release|x64.ActiveCfg = Release|Any CPU
		{2AAEDD8D-0812-4F52-94CF-9040A52881E2}.Release|x86.ActiveCfg = Release|Any CPU
		{D970B309-912B-4C7C-9A64-BC4254E09022}.Debug|Any CPU.ActiveCfg = Debug|Any CPU
		{D970B309-912B-4C7C-9A64-BC4254E09022}.Debug|Any CPU.Build.0 = Debug|Any CPU
		{D970B309-912B-4C7C-9A64-BC4254E09022}.Debug|ARM.ActiveCfg = Debug|Any CPU
		{D970B309-912B-4C7C-9A64-BC4254E09022}.Debug|x64.ActiveCfg = Debug|Any CPU
		{D970B309-912B-4C7C-9A64-BC4254E09022}.Debug|x86.ActiveCfg = Debug|Any CPU
		{D970B309-912B-4C7C-9A64-BC4254E09022}.Release|Any CPU.ActiveCfg = Release|Any CPU
		{D970B309-912B-4C7C-9A64-BC4254E09022}.Release|Any CPU.Build.0 = Release|Any CPU
		{D970B309-912B-4C7C-9A64-BC4254E09022}.Release|ARM.ActiveCfg = Release|Any CPU
		{D970B309-912B-4C7C-9A64-BC4254E09022}.Release|x64.ActiveCfg = Release|Any CPU
		{D970B309-912B-4C7C-9A64-BC4254E09022}.Release|x86.ActiveCfg = Release|Any CPU
		{52A56FF2-815F-48CB-B0A3-C25CD0170312}.Debug|Any CPU.ActiveCfg = Debug|Any CPU
		{52A56FF2-815F-48CB-B0A3-C25CD0170312}.Debug|Any CPU.Build.0 = Debug|Any CPU
		{52A56FF2-815F-48CB-B0A3-C25CD0170312}.Debug|ARM.ActiveCfg = Debug|Any CPU
		{52A56FF2-815F-48CB-B0A3-C25CD0170312}.Debug|x64.ActiveCfg = Debug|Any CPU
		{52A56FF2-815F-48CB-B0A3-C25CD0170312}.Debug|x86.ActiveCfg = Debug|Any CPU
		{52A56FF2-815F-48CB-B0A3-C25CD0170312}.Release|Any CPU.ActiveCfg = Release|Any CPU
		{52A56FF2-815F-48CB-B0A3-C25CD0170312}.Release|Any CPU.Build.0 = Release|Any CPU
		{52A56FF2-815F-48CB-B0A3-C25CD0170312}.Release|ARM.ActiveCfg = Release|Any CPU
		{52A56FF2-815F-48CB-B0A3-C25CD0170312}.Release|x64.ActiveCfg = Release|Any CPU
		{52A56FF2-815F-48CB-B0A3-C25CD0170312}.Release|x86.ActiveCfg = Release|Any CPU
		{AB829779-3609-404C-A058-D98EFCBFF901}.Debug|Any CPU.ActiveCfg = Debug|Any CPU
		{AB829779-3609-404C-A058-D98EFCBFF901}.Debug|Any CPU.Build.0 = Debug|Any CPU
		{AB829779-3609-404C-A058-D98EFCBFF901}.Debug|ARM.ActiveCfg = Debug|Any CPU
		{AB829779-3609-404C-A058-D98EFCBFF901}.Debug|x64.ActiveCfg = Debug|Any CPU
		{AB829779-3609-404C-A058-D98EFCBFF901}.Debug|x86.ActiveCfg = Debug|Any CPU
		{AB829779-3609-404C-A058-D98EFCBFF901}.Release|Any CPU.ActiveCfg = Release|Any CPU
		{AB829779-3609-404C-A058-D98EFCBFF901}.Release|Any CPU.Build.0 = Release|Any CPU
		{AB829779-3609-404C-A058-D98EFCBFF901}.Release|ARM.ActiveCfg = Release|Any CPU
		{AB829779-3609-404C-A058-D98EFCBFF901}.Release|x64.ActiveCfg = Release|Any CPU
		{AB829779-3609-404C-A058-D98EFCBFF901}.Release|x86.ActiveCfg = Release|Any CPU
		{8DD73A25-F3C7-436F-80AE-F65A692BADD1}.Debug|Any CPU.ActiveCfg = Debug|Any CPU
		{8DD73A25-F3C7-436F-80AE-F65A692BADD1}.Debug|Any CPU.Build.0 = Debug|Any CPU
		{8DD73A25-F3C7-436F-80AE-F65A692BADD1}.Debug|ARM.ActiveCfg = Debug|Any CPU
		{8DD73A25-F3C7-436F-80AE-F65A692BADD1}.Debug|x64.ActiveCfg = Debug|Any CPU
		{8DD73A25-F3C7-436F-80AE-F65A692BADD1}.Debug|x86.ActiveCfg = Debug|Any CPU
		{8DD73A25-F3C7-436F-80AE-F65A692BADD1}.Release|Any CPU.ActiveCfg = Release|Any CPU
		{8DD73A25-F3C7-436F-80AE-F65A692BADD1}.Release|Any CPU.Build.0 = Release|Any CPU
		{8DD73A25-F3C7-436F-80AE-F65A692BADD1}.Release|ARM.ActiveCfg = Release|Any CPU
		{8DD73A25-F3C7-436F-80AE-F65A692BADD1}.Release|x64.ActiveCfg = Release|Any CPU
		{8DD73A25-F3C7-436F-80AE-F65A692BADD1}.Release|x86.ActiveCfg = Release|Any CPU
	EndGlobalSection
	GlobalSection(SolutionProperties) = preSolution
		HideSolutionNode = FALSE
	EndGlobalSection
EndGlobal
